<?xml version="1.0" encoding="utf-8"?>
<Project ToolsVersion="4.0" xmlns="http://schemas.microsoft.com/developer/msbuild/2003">
  <ItemGroup>
    <Filter Include="Source Files">
      <UniqueIdentifier>{4FC737F1-C7A5-4376-A066-2A32D752A2FF}</UniqueIdentifier>
      <Extensions>cpp;c;cc;cxx;def;odl;idl;hpj;bat;asm;asmx</Extensions>
    </Filter>
    <Filter Include="Header Files">
      <UniqueIdentifier>{93995380-89BD-4b04-88EB-625FBE52EBFB}</UniqueIdentifier>
      <Extensions>h;hh;hpp;hxx;hm;inl;inc;xsd</Extensions>
    </Filter>
    <Filter Include="Resource Files">
      <UniqueIdentifier>{67DA6AB6-F800-4c08-8B7A-83BB121AAD01}</UniqueIdentifier>
      <Extensions>rc;ico;cur;bmp;dlg;rc2;rct;bin;rgs;gif;jpg;jpeg;jpe;resx;tiff;tif;png;wav;mfcribbon-ms</Extensions>
    </Filter>
    <Filter Include="dat">
      <UniqueIdentifier>{7867f850-d8b8-4ea5-83e8-e02417654122}</UniqueIdentifier>
    </Filter>
    <Filter Include="cascade">
      <UniqueIdentifier>{c0b255cf-a4dd-4535-a3b4-1ea7f702669a}</UniqueIdentifier>
    </Filter>
    <Filter Include="img">
      <UniqueIdentifier>{ddfb4b48-adbf-4916-b7dc-de9fa6b0c8c5}</UniqueIdentifier>
    </Filter>
  </ItemGroup>
  <ItemGroup>
    <ClInclude Include="neuralNetwork.h">
      <Filter>Header Files</Filter>
    </ClInclude>
    <ClInclude Include="preFunction.h">
      <Filter>Header Files</Filter>
    </ClInclude>
    <ClInclude Include="programHeader.h">
      <Filter>Header Files</Filter>
    </ClInclude>
    <ClInclude Include="setting.h">
      <Filter>Header Files</Filter>
    </ClInclude>
  </ItemGroup>
  <ItemGroup>
    <ClCompile Include="main.cpp">
      <Filter>Source Files</Filter>
    </ClCompile>
  </ItemGroup>
  <ItemGroup>
    <None Include="dat\cameraSet.dat">
      <Filter>dat</Filter>
    </None>
  </ItemGroup>
  <ItemGroup>
    <Xml Include="dat\neuron.xml">
      <Filter>dat</Filter>
    </Xml>
    <Xml Include="cascade\700_cascade.xml">
      <Filter>cascade</Filter>
    </Xml>
    <Xml Include="cascade\cmCascade.xml">
      <Filter>cascade</Filter>
    </Xml>
  </ItemGroup>
  <ItemGroup>
    <Image Include="img\imageAlpr.png">
      <Filter>img</Filter>
    </Image>
    <Image Include="img\plate.png">
      <Filter>img</Filter>
    </Image>
  </ItemGroup>
</Project>